
Microsoft Visual Studio Solution File, Format Version 12.00
# Visual Studio Version 17
VisualStudioVersion = 17.3.32811.315
MinimumVisualStudioVersion = 10.0.40219.1
Project("{FAE04EC0-301F-11D3-BF4B-00C04F79EFBC}") = "e_coal_web", "e_coal_web\e_coal_web.csproj", "{3BBA31E1-3604-4249-B78E-69629ED27A15}"
EndProject
Global
	GlobalSection(SolutionConfigurationPlatforms) = preSolution
		Debug|Any CPU = Debug|Any CPU
		Release|Any CPU = Release|Any CPU
	EndGlobalSection
	GlobalSection(ProjectConfigurationPlatforms) = postSolution
		{3BBA31E1-3604-4249-B78E-69629ED27A15}.Debug|Any CPU.ActiveCfg = Debug|Any CPU
		{3BBA31E1-3604-4249-B78E-69629ED27A15}.Debug|Any CPU.Build.0 = Debug|Any CPU
		{3BBA31E1-3604-4249-B78E-69629ED27A15}.Release|Any CPU.ActiveCfg = Release|Any CPU
		{3BBA31E1-3604-4249-B78E-69629ED27A15}.Release|Any CPU.Build.0 = Release|Any CPU
	EndGlobalSection
	GlobalSection(SolutionProperties) = preSolution
		HideSolutionNode = FALSE
	EndGlobalSection
	GlobalSection(ExtensibilityGlobals) = postSolution
		SolutionGuid = {D6817C67-C0B0-4F21-8502-4379476A5555}
	EndGlobalSection
EndGlobal
